<?xml version="1.0" encoding="utf-8"?>
<Project ToolsVersion="4.0" xmlns="http://schemas.microsoft.com/developer/msbuild/2003">
  <ItemGroup>
    <Filter Include="Source Files">
      <UniqueIdentifier>{bb7288fb-7b4c-4db3-a806-c4bd75885fff}</UniqueIdentifier>
    </Filter>
  </ItemGroup>
  <ItemGroup>
    <ClCompile Include="Alien.cpp">
      <Filter>Source Files</Filter>
    </ClCompile>
    <ClCompile Include="Collision.cpp">
      <Filter>Source Files</Filter>
    </ClCompile>
    <ClCompile Include="CollisionSpace.cpp">
      <Filter>Source Files</Filter>
    </ClCompile>
    <ClCompile Include="Console.cpp">
      <Filter>Source Files</Filter>
    </ClCompile>
    <ClCompile Include="DLL.cpp">
      <Filter>Source Files</Filter>
    </ClCompile>
    <ClCompile Include="Explosion.cpp">
      <Filter>Source Files</Filter>
    </ClCompile>
    <ClCompile Include="Game.cpp">
      <Filter>Source Files</Filter>
    </ClCompile>
    <ClCompile Include="Images.cpp">
      <Filter>Source Files</Filter>
    </ClCompile>
    <ClCompile Include="Input.cpp">
      <Filter>Source Files</Filter>
    </ClCompile>
    <ClCompile Include="MessageLog.cpp">
      <Filter>Source Files</Filter>
    </ClCompile>
    <ClCompile Include="Player.cpp">
      <Filter>Source Files</Filter>
    </ClCompile>
    <ClCompile Include="Laser.cpp">
      <Filter>Source Files</Filter>
    </ClCompile>
    <ClCompile Include="PlayField.cpp">
      <Filter>Source Files</Filter>
    </ClCompile>
    <ClCompile Include="PowerUp.cpp">
      <Filter>Source Files</Filter>
    </ClCompile>
    <ClCompile Include="Prefabs.cpp">
      <Filter>Source Files</Filter>
    </ClCompile>
    <ClCompile Include="Random.cpp">
      <Filter>Source Files</Filter>
    </ClCompile>
    <ClCompile Include="Renderer.cpp">
      <Filter>Source Files</Filter>
    </ClCompile>
    <ClCompile Include="RenderItem.cpp">
      <Filter>Source Files</Filter>
    </ClCompile>
    <ClCompile Include="Vector2D.cpp">
      <Filter>Source Files</Filter>
    </ClCompile>
    <ClCompile Include="Wall.cpp">
      <Filter>Source Files</Filter>
    </ClCompile>
    <ClCompile Include="GameStateMgr.cpp">
      <Filter>Source Files</Filter>
    </ClCompile>
  </ItemGroup>
  <ItemGroup>
    <ClInclude Include="MessageLog.h">
      <Filter>Source Files</Filter>
    </ClInclude>
    <ClInclude Include="Wall.h">
      <Filter>Source Files</Filter>
    </ClInclude>
    <ClInclude Include="Alien.h">
      <Filter>Source Files</Filter>
    </ClInclude>
    <ClInclude Include="Collision.h">
      <Filter>Source Files</Filter>
    </ClInclude>
    <ClInclude Include="CollisionSpace.h">
      <Filter>Source Files</Filter>
    </ClInclude>
    <ClInclude Include="Console.h">
      <Filter>Source Files</Filter>
    </ClInclude>
    <ClInclude Include="DLL.h">
      <Filter>Source Files</Filter>
    </ClInclude>
    <ClInclude Include="Explosion.h">
      <Filter>Source Files</Filter>
    </ClInclude>
    <ClInclude Include="Game.h">
      <Filter>Source Files</Filter>
    </ClInclude>
    <ClInclude Include="Image.h">
      <Filter>Source Files</Filter>
    </ClInclude>
    <ClInclude Include="Images.h">
      <Filter>Source Files</Filter>
    </ClInclude>
    <ClInclude Include="Input.h">
      <Filter>Source Files</Filter>
    </ClInclude>
    <ClInclude Include="Player.h">
      <Filter>Source Files</Filter>
    </ClInclude>
    <ClInclude Include="Laser.h">
      <Filter>Source Files</Filter>
    </ClInclude>
    <ClInclude Include="PlayField.h">
      <Filter>Source Files</Filter>
    </ClInclude>
    <ClInclude Include="PowerUp.h">
      <Filter>Source Files</Filter>
    </ClInclude>
    <ClInclude Include="Prefabs.h">
      <Filter>Source Files</Filter>
    </ClInclude>
    <ClInclude Include="Random.h">
      <Filter>Source Files</Filter>
    </ClInclude>
    <ClInclude Include="Renderer.h">
      <Filter>Source Files</Filter>
    </ClInclude>
    <ClInclude Include="RenderItem.h">
      <Filter>Source Files</Filter>
    </ClInclude>
    <ClInclude Include="Vector2D.h">
      <Filter>Source Files</Filter>
    </ClInclude>
    <ClInclude Include="Base.h">
      <Filter>Source Files</Filter>
    </ClInclude>
    <ClInclude Include="GameStateMgr.h">
      <Filter>Source Files</Filter>
    </ClInclude>
    <ClInclude Include="Colors.h">
      <Filter>Source Files</Filter>
    </ClInclude>
  </ItemGroup>
</Project>